
Microsoft Visual Studio Solution File, Format Version 12.00
# Visual Studio 2012
Project("{FAE04EC0-301F-11D3-BF4B-00C04F79EFBC}") = "Contact", "Contact\Contact.csproj", "{1E070495-6FAE-408D-A601-BC42D2A3E817}"
EndProject
Project("{FAE04EC0-301F-11D3-BF4B-00C04F79EFBC}") = "Contact.Messages", "Contact.Messages\Contact.Messages.csproj", "{08B6A47D-B8D1-48A1-81CC-BFBAF212BED1}"
EndProject
Project("{FAE04EC0-301F-11D3-BF4B-00C04F79EFBC}") = "Contact.MessageClient", "Contact.MessageClient\Contact.MessageClient.csproj", "{7741D01B-BB0B-404B-951C-E9EDA2431DBB}"
EndProject
Project("{2150E333-8FDC-42A3-9474-1A3956D46DE8}") = "Solution Items", "Solution Items", "{B60A4508-096C-43AD-A1FA-217DC92AFC85}"
	ProjectSection(SolutionItems) = preProject
		README.txt = README.txt
	EndProjectSection
EndProject
Project("{FAE04EC0-301F-11D3-BF4B-00C04F79EFBC}") = "Contact.UnitTests", "Contact.UnitTests\Contact.UnitTests.csproj", "{9247C203-EF5B-4E29-A365-C655D14FD3EA}"
EndProject
Project("{2150E333-8FDC-42A3-9474-1A3956D46DE8}") = ".nuget", ".nuget", "{3E03F1AD-C0B9-4209-815E-37C619A6E82C}"
	ProjectSection(SolutionItems) = preProject
		.nuget\NuGet.Config = .nuget\NuGet.Config
		.nuget\NuGet.exe = .nuget\NuGet.exe
		.nuget\NuGet.targets = .nuget\NuGet.targets
	EndProjectSection
EndProject
Project("{FAE04EC0-301F-11D3-BF4B-00C04F79EFBC}") = "Contact.IntegrationTests", "Contact.IntegrationTests\Contact.IntegrationTests.csproj", "{8B4F27C6-2BD4-48BA-A8D4-EC6BD0624483}"
EndProject
Project("{FAE04EC0-301F-11D3-BF4B-00C04F79EFBC}") = "Core", "Core\Core.csproj", "{5C179E3E-6E03-4BFE-8577-824BA52AB9C5}"
EndProject
Project("{FAE04EC0-301F-11D3-BF4B-00C04F79EFBC}") = "Core.UnitTests", "Core.UnitTests\Core.UnitTests.csproj", "{2AB262FF-6985-4CBB-8A6F-655FE7DD3264}"
EndProject
Project("{FAE04EC0-301F-11D3-BF4B-00C04F79EFBC}") = "Infrastructure.NServiceBus", "Infrastructure.NServiceBus\Infrastructure.NServiceBus.csproj", "{1C362B1F-D8B4-4EC3-A676-BF47A9CD437A}"
EndProject
Project("{FAE04EC0-301F-11D3-BF4B-00C04F79EFBC}") = "Contact.WebApi.AcceptanceTests", "Contact.WebApi.AcceptanceTests\Contact.WebApi.AcceptanceTests.csproj", "{5D0F56BE-4719-4C1F-ABE6-F558DA08293E}"
EndProject
Project("{FAE04EC0-301F-11D3-BF4B-00C04F79EFBC}") = "Contact.WebApi", "Contact.WebApi\Contact.WebApi.csproj", "{9A49E67E-20C6-41DD-BC54-03836271E8E1}"
EndProject
Project("{FAE04EC0-301F-11D3-BF4B-00C04F79EFBC}") = "Contact.WebApi.Contracts", "Contact.WebApi.Contracts\Contact.WebApi.Contracts.csproj", "{388F84BE-242E-4BD7-BBF9-5DFD2C439EBD}"
EndProject
Project("{FAE04EC0-301F-11D3-BF4B-00C04F79EFBC}") = "Contact.Query.SqlServer", "Contact.Query.SqlServer\Contact.Query.SqlServer.csproj", "{55E7FE77-348C-493E-9A89-6B88CDEBDC04}"
EndProject
Project("{FAE04EC0-301F-11D3-BF4B-00C04F79EFBC}") = "Contact.Query.SqlServer.IntegrationTests", "Contact.Query.SqlServer.IntegrationTests\Contact.Query.SqlServer.IntegrationTests.csproj", "{BC197ED0-2670-4027-88DA-B8B4E117C12B}"
EndProject
Global
	GlobalSection(SolutionConfigurationPlatforms) = preSolution
		Debug|Any CPU = Debug|Any CPU
		Release|Any CPU = Release|Any CPU
	EndGlobalSection
	GlobalSection(ProjectConfigurationPlatforms) = postSolution
		{1E070495-6FAE-408D-A601-BC42D2A3E817}.Debug|Any CPU.ActiveCfg = Debug|Any CPU
		{1E070495-6FAE-408D-A601-BC42D2A3E817}.Debug|Any CPU.Build.0 = Debug|Any CPU
		{1E070495-6FAE-408D-A601-BC42D2A3E817}.Release|Any CPU.ActiveCfg = Release|Any CPU
		{1E070495-6FAE-408D-A601-BC42D2A3E817}.Release|Any CPU.Build.0 = Release|Any CPU
		{08B6A47D-B8D1-48A1-81CC-BFBAF212BED1}.Debug|Any CPU.ActiveCfg = Debug|Any CPU
		{08B6A47D-B8D1-48A1-81CC-BFBAF212BED1}.Debug|Any CPU.Build.0 = Debug|Any CPU
		{08B6A47D-B8D1-48A1-81CC-BFBAF212BED1}.Release|Any CPU.ActiveCfg = Release|Any CPU
		{08B6A47D-B8D1-48A1-81CC-BFBAF212BED1}.Release|Any CPU.Build.0 = Release|Any CPU
		{7741D01B-BB0B-404B-951C-E9EDA2431DBB}.Debug|Any CPU.ActiveCfg = Debug|Any CPU
		{7741D01B-BB0B-404B-951C-E9EDA2431DBB}.Debug|Any CPU.Build.0 = Debug|Any CPU
		{7741D01B-BB0B-404B-951C-E9EDA2431DBB}.Release|Any CPU.ActiveCfg = Release|Any CPU
		{7741D01B-BB0B-404B-951C-E9EDA2431DBB}.Release|Any CPU.Build.0 = Release|Any CPU
		{9247C203-EF5B-4E29-A365-C655D14FD3EA}.Debug|Any CPU.ActiveCfg = Debug|Any CPU
		{9247C203-EF5B-4E29-A365-C655D14FD3EA}.Debug|Any CPU.Build.0 = Debug|Any CPU
		{9247C203-EF5B-4E29-A365-C655D14FD3EA}.Release|Any CPU.ActiveCfg = Release|Any CPU
		{9247C203-EF5B-4E29-A365-C655D14FD3EA}.Release|Any CPU.Build.0 = Release|Any CPU
		{8B4F27C6-2BD4-48BA-A8D4-EC6BD0624483}.Debug|Any CPU.ActiveCfg = Debug|Any CPU
		{8B4F27C6-2BD4-48BA-A8D4-EC6BD0624483}.Debug|Any CPU.Build.0 = Debug|Any CPU
		{8B4F27C6-2BD4-48BA-A8D4-EC6BD0624483}.Release|Any CPU.ActiveCfg = Release|Any CPU
		{8B4F27C6-2BD4-48BA-A8D4-EC6BD0624483}.Release|Any CPU.Build.0 = Release|Any CPU
		{5C179E3E-6E03-4BFE-8577-824BA52AB9C5}.Debug|Any CPU.ActiveCfg = Debug|Any CPU
		{5C179E3E-6E03-4BFE-8577-824BA52AB9C5}.Debug|Any CPU.Build.0 = Debug|Any CPU
		{5C179E3E-6E03-4BFE-8577-824BA52AB9C5}.Release|Any CPU.ActiveCfg = Release|Any CPU
		{5C179E3E-6E03-4BFE-8577-824BA52AB9C5}.Release|Any CPU.Build.0 = Release|Any CPU
		{2AB262FF-6985-4CBB-8A6F-655FE7DD3264}.Debug|Any CPU.ActiveCfg = Debug|Any CPU
		{2AB262FF-6985-4CBB-8A6F-655FE7DD3264}.Debug|Any CPU.Build.0 = Debug|Any CPU
		{2AB262FF-6985-4CBB-8A6F-655FE7DD3264}.Release|Any CPU.ActiveCfg = Release|Any CPU
		{2AB262FF-6985-4CBB-8A6F-655FE7DD3264}.Release|Any CPU.Build.0 = Release|Any CPU
		{1C362B1F-D8B4-4EC3-A676-BF47A9CD437A}.Debug|Any CPU.ActiveCfg = Debug|Any CPU
		{1C362B1F-D8B4-4EC3-A676-BF47A9CD437A}.Debug|Any CPU.Build.0 = Debug|Any CPU
		{1C362B1F-D8B4-4EC3-A676-BF47A9CD437A}.Release|Any CPU.ActiveCfg = Release|Any CPU
		{1C362B1F-D8B4-4EC3-A676-BF47A9CD437A}.Release|Any CPU.Build.0 = Release|Any CPU
		{5D0F56BE-4719-4C1F-ABE6-F558DA08293E}.Debug|Any CPU.ActiveCfg = Debug|Any CPU
		{5D0F56BE-4719-4C1F-ABE6-F558DA08293E}.Debug|Any CPU.Build.0 = Debug|Any CPU
		{5D0F56BE-4719-4C1F-ABE6-F558DA08293E}.Release|Any CPU.ActiveCfg = Release|Any CPU
		{5D0F56BE-4719-4C1F-ABE6-F558DA08293E}.Release|Any CPU.Build.0 = Release|Any CPU
		{9A49E67E-20C6-41DD-BC54-03836271E8E1}.Debug|Any CPU.ActiveCfg = Debug|Any CPU
		{9A49E67E-20C6-41DD-BC54-03836271E8E1}.Debug|Any CPU.Build.0 = Debug|Any CPU
		{9A49E67E-20C6-41DD-BC54-03836271E8E1}.Release|Any CPU.ActiveCfg = Release|Any CPU
		{9A49E67E-20C6-41DD-BC54-03836271E8E1}.Release|Any CPU.Build.0 = Release|Any CPU
		{388F84BE-242E-4BD7-BBF9-5DFD2C439EBD}.Debug|Any CPU.ActiveCfg = Debug|Any CPU
		{388F84BE-242E-4BD7-BBF9-5DFD2C439EBD}.Debug|Any CPU.Build.0 = Debug|Any CPU
		{388F84BE-242E-4BD7-BBF9-5DFD2C439EBD}.Release|Any CPU.ActiveCfg = Release|Any CPU
		{388F84BE-242E-4BD7-BBF9-5DFD2C439EBD}.Release|Any CPU.Build.0 = Release|Any CPU
		{55E7FE77-348C-493E-9A89-6B88CDEBDC04}.Debug|Any CPU.ActiveCfg = Debug|Any CPU
		{55E7FE77-348C-493E-9A89-6B88CDEBDC04}.Debug|Any CPU.Build.0 = Debug|Any CPU
		{55E7FE77-348C-493E-9A89-6B88CDEBDC04}.Release|Any CPU.ActiveCfg = Release|Any CPU
		{55E7FE77-348C-493E-9A89-6B88CDEBDC04}.Release|Any CPU.Build.0 = Release|Any CPU
		{BC197ED0-2670-4027-88DA-B8B4E117C12B}.Debug|Any CPU.ActiveCfg = Debug|Any CPU
		{BC197ED0-2670-4027-88DA-B8B4E117C12B}.Debug|Any CPU.Build.0 = Debug|Any CPU
		{BC197ED0-2670-4027-88DA-B8B4E117C12B}.Release|Any CPU.ActiveCfg = Release|Any CPU
		{BC197ED0-2670-4027-88DA-B8B4E117C12B}.Release|Any CPU.Build.0 = Release|Any CPU
	EndGlobalSection
	GlobalSection(SolutionProperties) = preSolution
		HideSolutionNode = FALSE
	EndGlobalSection
EndGlobal
