
Microsoft Visual Studio Solution File, Format Version 12.00
# Visual Studio 2012
Project("{2150E333-8FDC-42A3-9474-1A3956D46DE8}") = "Contact", "Contact", "{8DD2570F-E579-464B-922F-EDE7B3919C29}"
EndProject
Project("{2150E333-8FDC-42A3-9474-1A3956D46DE8}") = "Tests", "Tests", "{1AF3E187-4C85-48C2-B5B9-90AFB9A160F1}"
EndProject
Project("{2150E333-8FDC-42A3-9474-1A3956D46DE8}") = "Core", "Core", "{DC013F8D-E894-4D18-BEC6-28DDDC3CC637}"
EndProject
Project("{2150E333-8FDC-42A3-9474-1A3956D46DE8}") = "Tests", "Tests", "{ABF320C2-062B-4BBC-911B-8FC43804C219}"
EndProject
Project("{2150E333-8FDC-42A3-9474-1A3956D46DE8}") = "Contact.Query", "Contact.Query", "{1A16368C-3BE1-4AD3-9F77-0038198F6720}"
EndProject
Project("{2150E333-8FDC-42A3-9474-1A3956D46DE8}") = "Tests", "Tests", "{6F064201-AC03-426E-A43A-0D71A42CD0AF}"
EndProject
Project("{2150E333-8FDC-42A3-9474-1A3956D46DE8}") = "Infrastructure", "Infrastructure", "{BADC3E1E-97F5-4115-A995-945E38D27F7B}"
EndProject
Project("{2150E333-8FDC-42A3-9474-1A3956D46DE8}") = "Contact.WebApi", "Contact.WebApi", "{06CC1D53-D6A3-4E97-9BA1-887F76BA835E}"
EndProject
Project("{2150E333-8FDC-42A3-9474-1A3956D46DE8}") = "Tests", "Tests", "{C7631CB4-AF12-4365-8F57-A73749F32E85}"
EndProject
Project("{FAE04EC0-301F-11D3-BF4B-00C04F79EFBC}") = "Contact", "src\contact\Contact\Contact.csproj", "{1E070495-6FAE-408D-A601-BC42D2A3E817}"
EndProject
Project("{FAE04EC0-301F-11D3-BF4B-00C04F79EFBC}") = "Contact.Domain", "src\contact\Contact.Domain\Contact.Domain.csproj", "{FC352196-1D24-40DF-B634-AF47F4801148}"
EndProject
Project("{FAE04EC0-301F-11D3-BF4B-00C04F79EFBC}") = "Contact.Messages", "src\contact\Contact.Messages\Contact.Messages.csproj", "{08B6A47D-B8D1-48A1-81CC-BFBAF212BED1}"
EndProject
Project("{FAE04EC0-301F-11D3-BF4B-00C04F79EFBC}") = "Contact.TestSubscriber", "src\contact\Contact.TestSubscriber\Contact.TestSubscriber.csproj", "{A700E1FA-44B8-47ED-B5B8-08E2FBD1BDBC}"
EndProject
Project("{FAE04EC0-301F-11D3-BF4B-00C04F79EFBC}") = "Contact.Query", "src\contact.query\Contact.Query\Contact.Query.csproj", "{0D3D3EAC-5EF3-49E6-AA52-E9D86CF43C3D}"
EndProject
Project("{FAE04EC0-301F-11D3-BF4B-00C04F79EFBC}") = "Contact.Query.Contracts", "src\contact.query\Contact.Query.Contracts\Contact.Query.Contracts.csproj", "{2F416DAA-ED7E-4F66-9347-BDBC975F53B6}"
EndProject
Project("{FAE04EC0-301F-11D3-BF4B-00C04F79EFBC}") = "Contact.Query.Mongo", "src\contact.query\Contact.Query.Mongo\Contact.Query.Mongo.csproj", "{1E93C964-90F7-490A-B722-8E41C7440A7E}"
EndProject
Project("{FAE04EC0-301F-11D3-BF4B-00C04F79EFBC}") = "Contact.Query.SqlServer", "src\contact.query\Contact.Query.SqlServer\Contact.Query.SqlServer.csproj", "{55E7FE77-348C-493E-9A89-6B88CDEBDC04}"
EndProject
Project("{FAE04EC0-301F-11D3-BF4B-00C04F79EFBC}") = "Contact.WebApi", "src\contact.webapi\Contact.WebApi\Contact.WebApi.csproj", "{9A49E67E-20C6-41DD-BC54-03836271E8E1}"
EndProject
Project("{FAE04EC0-301F-11D3-BF4B-00C04F79EFBC}") = "Contact.WebApi.Contracts", "src\contact.webapi\Contact.WebApi.Contracts\Contact.WebApi.Contracts.csproj", "{388F84BE-242E-4BD7-BBF9-5DFD2C439EBD}"
EndProject
Project("{FAE04EC0-301F-11D3-BF4B-00C04F79EFBC}") = "Core", "src\core\Core\Core.csproj", "{5C179E3E-6E03-4BFE-8577-824BA52AB9C5}"
EndProject
Project("{FAE04EC0-301F-11D3-BF4B-00C04F79EFBC}") = "Core.InProc", "src\core\Core.InProc\Core.InProc.csproj", "{F423CEBA-9DB9-4625-8DE0-675064EEDA99}"
EndProject
Project("{FAE04EC0-301F-11D3-BF4B-00C04F79EFBC}") = "Core.Mongo", "src\core\Core.Mongo\Core.Mongo.csproj", "{2B313E1C-6ACD-4EEE-9BE7-970EE6AA9625}"
EndProject
Project("{FAE04EC0-301F-11D3-BF4B-00C04F79EFBC}") = "Core.Sql", "src\core\Core.Sql\Core.Sql.csproj", "{882FB657-FBCF-4496-8452-99A47B1B186B}"
EndProject
Project("{FAE04EC0-301F-11D3-BF4B-00C04F79EFBC}") = "Infrastructure.Log4Net", "src\infrastructure\Infrastructure.Log4Net\Infrastructure.Log4Net.csproj", "{E30C2922-A037-4A7D-8D76-E68E148A1C9C}"
EndProject
Project("{FAE04EC0-301F-11D3-BF4B-00C04F79EFBC}") = "Infrastructure.NServiceBus", "src\infrastructure\Infrastructure.NServiceBus\Infrastructure.NServiceBus.csproj", "{1C362B1F-D8B4-4EC3-A676-BF47A9CD437A}"
EndProject
Project("{FAE04EC0-301F-11D3-BF4B-00C04F79EFBC}") = "Contact.IntegrationTests", "tests\contact\Contact.IntegrationTests\Contact.IntegrationTests.csproj", "{8B4F27C6-2BD4-48BA-A8D4-EC6BD0624483}"
EndProject
Project("{FAE04EC0-301F-11D3-BF4B-00C04F79EFBC}") = "Contact.UnitTests", "tests\contact\Contact.UnitTests\Contact.UnitTests.csproj", "{9247C203-EF5B-4E29-A365-C655D14FD3EA}"
EndProject
Project("{FAE04EC0-301F-11D3-BF4B-00C04F79EFBC}") = "Contact.Query.IntegrationTests", "tests\contact.query\Contact.Query.IntegrationTests\Contact.Query.IntegrationTests.csproj", "{2D5FC191-AD41-4D90-B396-A59EAF85E8A2}"
EndProject
Project("{FAE04EC0-301F-11D3-BF4B-00C04F79EFBC}") = "Contact.Query.UnitTests", "tests\contact.query\Contact.Query.UnitTests\Contact.Query.UnitTests.csproj", "{5849C8AA-C305-4E15-B1B4-A231BCBB9311}"
EndProject
Project("{FAE04EC0-301F-11D3-BF4B-00C04F79EFBC}") = "Contact.WebApi.AcceptanceTests", "tests\contact.webapi\Contact.WebApi.AcceptanceTests\Contact.WebApi.AcceptanceTests.csproj", "{B070AC49-0CD3-48F5-8F30-94BB47354D1D}"
EndProject
Project("{FAE04EC0-301F-11D3-BF4B-00C04F79EFBC}") = "Contact.WebApi.UnitTests", "tests\contact.webapi\Contact.WebApi.UnitTests\Contact.WebApi.UnitTests.csproj", "{95977B70-F9C8-4D68-B75E-CF48614DF69C}"
EndProject
Project("{FAE04EC0-301F-11D3-BF4B-00C04F79EFBC}") = "Core.IntegrationTests", "tests\core\Core.IntegrationTests\Core.IntegrationTests.csproj", "{89A38F8E-DF04-4A59-B739-A7B680A091D3}"
EndProject
Project("{FAE04EC0-301F-11D3-BF4B-00C04F79EFBC}") = "Core.UnitTests", "tests\core\Core.UnitTests\Core.UnitTests.csproj", "{2AB262FF-6985-4CBB-8A6F-655FE7DD3264}"
EndProject
Project("{2150E333-8FDC-42A3-9474-1A3956D46DE8}") = "SolutionItems", "SolutionItems", "{87B90939-BDE5-44C9-8623-080222000158}"
	ProjectSection(SolutionItems) = preProject
		rakefile.rb = rakefile.rb
	EndProjectSection
EndProject
Global
	GlobalSection(SolutionConfigurationPlatforms) = preSolution
		Debug|Any CPU = Debug|Any CPU
		Release|Any CPU = Release|Any CPU
	EndGlobalSection
	GlobalSection(ProjectConfigurationPlatforms) = postSolution
		{1E070495-6FAE-408D-A601-BC42D2A3E817}.Debug|Any CPU.ActiveCfg = Debug|Any CPU
		{1E070495-6FAE-408D-A601-BC42D2A3E817}.Debug|Any CPU.Build.0 = Debug|Any CPU
		{1E070495-6FAE-408D-A601-BC42D2A3E817}.Release|Any CPU.ActiveCfg = Release|Any CPU
		{1E070495-6FAE-408D-A601-BC42D2A3E817}.Release|Any CPU.Build.0 = Release|Any CPU
		{FC352196-1D24-40DF-B634-AF47F4801148}.Debug|Any CPU.ActiveCfg = Debug|Any CPU
		{FC352196-1D24-40DF-B634-AF47F4801148}.Debug|Any CPU.Build.0 = Debug|Any CPU
		{FC352196-1D24-40DF-B634-AF47F4801148}.Release|Any CPU.ActiveCfg = Release|Any CPU
		{FC352196-1D24-40DF-B634-AF47F4801148}.Release|Any CPU.Build.0 = Release|Any CPU
		{08B6A47D-B8D1-48A1-81CC-BFBAF212BED1}.Debug|Any CPU.ActiveCfg = Debug|Any CPU
		{08B6A47D-B8D1-48A1-81CC-BFBAF212BED1}.Debug|Any CPU.Build.0 = Debug|Any CPU
		{08B6A47D-B8D1-48A1-81CC-BFBAF212BED1}.Release|Any CPU.ActiveCfg = Release|Any CPU
		{08B6A47D-B8D1-48A1-81CC-BFBAF212BED1}.Release|Any CPU.Build.0 = Release|Any CPU
		{A700E1FA-44B8-47ED-B5B8-08E2FBD1BDBC}.Debug|Any CPU.ActiveCfg = Debug|Any CPU
		{A700E1FA-44B8-47ED-B5B8-08E2FBD1BDBC}.Debug|Any CPU.Build.0 = Debug|Any CPU
		{A700E1FA-44B8-47ED-B5B8-08E2FBD1BDBC}.Release|Any CPU.ActiveCfg = Release|Any CPU
		{A700E1FA-44B8-47ED-B5B8-08E2FBD1BDBC}.Release|Any CPU.Build.0 = Release|Any CPU
		{0D3D3EAC-5EF3-49E6-AA52-E9D86CF43C3D}.Debug|Any CPU.ActiveCfg = Debug|Any CPU
		{0D3D3EAC-5EF3-49E6-AA52-E9D86CF43C3D}.Debug|Any CPU.Build.0 = Debug|Any CPU
		{0D3D3EAC-5EF3-49E6-AA52-E9D86CF43C3D}.Release|Any CPU.ActiveCfg = Release|Any CPU
		{0D3D3EAC-5EF3-49E6-AA52-E9D86CF43C3D}.Release|Any CPU.Build.0 = Release|Any CPU
		{2F416DAA-ED7E-4F66-9347-BDBC975F53B6}.Debug|Any CPU.ActiveCfg = Debug|Any CPU
		{2F416DAA-ED7E-4F66-9347-BDBC975F53B6}.Debug|Any CPU.Build.0 = Debug|Any CPU
		{2F416DAA-ED7E-4F66-9347-BDBC975F53B6}.Release|Any CPU.ActiveCfg = Release|Any CPU
		{2F416DAA-ED7E-4F66-9347-BDBC975F53B6}.Release|Any CPU.Build.0 = Release|Any CPU
		{1E93C964-90F7-490A-B722-8E41C7440A7E}.Debug|Any CPU.ActiveCfg = Debug|Any CPU
		{1E93C964-90F7-490A-B722-8E41C7440A7E}.Debug|Any CPU.Build.0 = Debug|Any CPU
		{1E93C964-90F7-490A-B722-8E41C7440A7E}.Release|Any CPU.ActiveCfg = Release|Any CPU
		{1E93C964-90F7-490A-B722-8E41C7440A7E}.Release|Any CPU.Build.0 = Release|Any CPU
		{55E7FE77-348C-493E-9A89-6B88CDEBDC04}.Debug|Any CPU.ActiveCfg = Debug|Any CPU
		{55E7FE77-348C-493E-9A89-6B88CDEBDC04}.Debug|Any CPU.Build.0 = Debug|Any CPU
		{55E7FE77-348C-493E-9A89-6B88CDEBDC04}.Release|Any CPU.ActiveCfg = Release|Any CPU
		{55E7FE77-348C-493E-9A89-6B88CDEBDC04}.Release|Any CPU.Build.0 = Release|Any CPU
		{9A49E67E-20C6-41DD-BC54-03836271E8E1}.Debug|Any CPU.ActiveCfg = Debug|Any CPU
		{9A49E67E-20C6-41DD-BC54-03836271E8E1}.Debug|Any CPU.Build.0 = Debug|Any CPU
		{9A49E67E-20C6-41DD-BC54-03836271E8E1}.Release|Any CPU.ActiveCfg = Release|Any CPU
		{9A49E67E-20C6-41DD-BC54-03836271E8E1}.Release|Any CPU.Build.0 = Release|Any CPU
		{388F84BE-242E-4BD7-BBF9-5DFD2C439EBD}.Debug|Any CPU.ActiveCfg = Debug|Any CPU
		{388F84BE-242E-4BD7-BBF9-5DFD2C439EBD}.Debug|Any CPU.Build.0 = Debug|Any CPU
		{388F84BE-242E-4BD7-BBF9-5DFD2C439EBD}.Release|Any CPU.ActiveCfg = Release|Any CPU
		{388F84BE-242E-4BD7-BBF9-5DFD2C439EBD}.Release|Any CPU.Build.0 = Release|Any CPU
		{5C179E3E-6E03-4BFE-8577-824BA52AB9C5}.Debug|Any CPU.ActiveCfg = Debug|Any CPU
		{5C179E3E-6E03-4BFE-8577-824BA52AB9C5}.Debug|Any CPU.Build.0 = Debug|Any CPU
		{5C179E3E-6E03-4BFE-8577-824BA52AB9C5}.Release|Any CPU.ActiveCfg = Release|Any CPU
		{5C179E3E-6E03-4BFE-8577-824BA52AB9C5}.Release|Any CPU.Build.0 = Release|Any CPU
		{F423CEBA-9DB9-4625-8DE0-675064EEDA99}.Debug|Any CPU.ActiveCfg = Debug|Any CPU
		{F423CEBA-9DB9-4625-8DE0-675064EEDA99}.Debug|Any CPU.Build.0 = Debug|Any CPU
		{F423CEBA-9DB9-4625-8DE0-675064EEDA99}.Release|Any CPU.ActiveCfg = Release|Any CPU
		{F423CEBA-9DB9-4625-8DE0-675064EEDA99}.Release|Any CPU.Build.0 = Release|Any CPU
		{2B313E1C-6ACD-4EEE-9BE7-970EE6AA9625}.Debug|Any CPU.ActiveCfg = Debug|Any CPU
		{2B313E1C-6ACD-4EEE-9BE7-970EE6AA9625}.Debug|Any CPU.Build.0 = Debug|Any CPU
		{2B313E1C-6ACD-4EEE-9BE7-970EE6AA9625}.Release|Any CPU.ActiveCfg = Release|Any CPU
		{2B313E1C-6ACD-4EEE-9BE7-970EE6AA9625}.Release|Any CPU.Build.0 = Release|Any CPU
		{882FB657-FBCF-4496-8452-99A47B1B186B}.Debug|Any CPU.ActiveCfg = Debug|Any CPU
		{882FB657-FBCF-4496-8452-99A47B1B186B}.Debug|Any CPU.Build.0 = Debug|Any CPU
		{882FB657-FBCF-4496-8452-99A47B1B186B}.Release|Any CPU.ActiveCfg = Release|Any CPU
		{882FB657-FBCF-4496-8452-99A47B1B186B}.Release|Any CPU.Build.0 = Release|Any CPU
		{E30C2922-A037-4A7D-8D76-E68E148A1C9C}.Debug|Any CPU.ActiveCfg = Debug|Any CPU
		{E30C2922-A037-4A7D-8D76-E68E148A1C9C}.Debug|Any CPU.Build.0 = Debug|Any CPU
		{E30C2922-A037-4A7D-8D76-E68E148A1C9C}.Release|Any CPU.ActiveCfg = Release|Any CPU
		{E30C2922-A037-4A7D-8D76-E68E148A1C9C}.Release|Any CPU.Build.0 = Release|Any CPU
		{1C362B1F-D8B4-4EC3-A676-BF47A9CD437A}.Debug|Any CPU.ActiveCfg = Debug|Any CPU
		{1C362B1F-D8B4-4EC3-A676-BF47A9CD437A}.Debug|Any CPU.Build.0 = Debug|Any CPU
		{1C362B1F-D8B4-4EC3-A676-BF47A9CD437A}.Release|Any CPU.ActiveCfg = Release|Any CPU
		{1C362B1F-D8B4-4EC3-A676-BF47A9CD437A}.Release|Any CPU.Build.0 = Release|Any CPU
		{8B4F27C6-2BD4-48BA-A8D4-EC6BD0624483}.Debug|Any CPU.ActiveCfg = Debug|Any CPU
		{8B4F27C6-2BD4-48BA-A8D4-EC6BD0624483}.Debug|Any CPU.Build.0 = Debug|Any CPU
		{8B4F27C6-2BD4-48BA-A8D4-EC6BD0624483}.Release|Any CPU.ActiveCfg = Release|Any CPU
		{8B4F27C6-2BD4-48BA-A8D4-EC6BD0624483}.Release|Any CPU.Build.0 = Release|Any CPU
		{9247C203-EF5B-4E29-A365-C655D14FD3EA}.Debug|Any CPU.ActiveCfg = Debug|Any CPU
		{9247C203-EF5B-4E29-A365-C655D14FD3EA}.Debug|Any CPU.Build.0 = Debug|Any CPU
		{9247C203-EF5B-4E29-A365-C655D14FD3EA}.Release|Any CPU.ActiveCfg = Release|Any CPU
		{9247C203-EF5B-4E29-A365-C655D14FD3EA}.Release|Any CPU.Build.0 = Release|Any CPU
		{2D5FC191-AD41-4D90-B396-A59EAF85E8A2}.Debug|Any CPU.ActiveCfg = Debug|Any CPU
		{2D5FC191-AD41-4D90-B396-A59EAF85E8A2}.Debug|Any CPU.Build.0 = Debug|Any CPU
		{2D5FC191-AD41-4D90-B396-A59EAF85E8A2}.Release|Any CPU.ActiveCfg = Release|Any CPU
		{2D5FC191-AD41-4D90-B396-A59EAF85E8A2}.Release|Any CPU.Build.0 = Release|Any CPU
		{5849C8AA-C305-4E15-B1B4-A231BCBB9311}.Debug|Any CPU.ActiveCfg = Debug|Any CPU
		{5849C8AA-C305-4E15-B1B4-A231BCBB9311}.Debug|Any CPU.Build.0 = Debug|Any CPU
		{5849C8AA-C305-4E15-B1B4-A231BCBB9311}.Release|Any CPU.ActiveCfg = Release|Any CPU
		{5849C8AA-C305-4E15-B1B4-A231BCBB9311}.Release|Any CPU.Build.0 = Release|Any CPU
		{B070AC49-0CD3-48F5-8F30-94BB47354D1D}.Debug|Any CPU.ActiveCfg = Debug|Any CPU
		{B070AC49-0CD3-48F5-8F30-94BB47354D1D}.Debug|Any CPU.Build.0 = Debug|Any CPU
		{B070AC49-0CD3-48F5-8F30-94BB47354D1D}.Release|Any CPU.ActiveCfg = Release|Any CPU
		{B070AC49-0CD3-48F5-8F30-94BB47354D1D}.Release|Any CPU.Build.0 = Release|Any CPU
		{95977B70-F9C8-4D68-B75E-CF48614DF69C}.Debug|Any CPU.ActiveCfg = Debug|Any CPU
		{95977B70-F9C8-4D68-B75E-CF48614DF69C}.Debug|Any CPU.Build.0 = Debug|Any CPU
		{95977B70-F9C8-4D68-B75E-CF48614DF69C}.Release|Any CPU.ActiveCfg = Release|Any CPU
		{95977B70-F9C8-4D68-B75E-CF48614DF69C}.Release|Any CPU.Build.0 = Release|Any CPU
		{89A38F8E-DF04-4A59-B739-A7B680A091D3}.Debug|Any CPU.ActiveCfg = Debug|Any CPU
		{89A38F8E-DF04-4A59-B739-A7B680A091D3}.Debug|Any CPU.Build.0 = Debug|Any CPU
		{89A38F8E-DF04-4A59-B739-A7B680A091D3}.Release|Any CPU.ActiveCfg = Release|Any CPU
		{89A38F8E-DF04-4A59-B739-A7B680A091D3}.Release|Any CPU.Build.0 = Release|Any CPU
		{2AB262FF-6985-4CBB-8A6F-655FE7DD3264}.Debug|Any CPU.ActiveCfg = Debug|Any CPU
		{2AB262FF-6985-4CBB-8A6F-655FE7DD3264}.Debug|Any CPU.Build.0 = Debug|Any CPU
		{2AB262FF-6985-4CBB-8A6F-655FE7DD3264}.Release|Any CPU.ActiveCfg = Release|Any CPU
		{2AB262FF-6985-4CBB-8A6F-655FE7DD3264}.Release|Any CPU.Build.0 = Release|Any CPU
	EndGlobalSection
	GlobalSection(SolutionProperties) = preSolution
		HideSolutionNode = FALSE
	EndGlobalSection
	GlobalSection(NestedProjects) = preSolution
		{1AF3E187-4C85-48C2-B5B9-90AFB9A160F1} = {8DD2570F-E579-464B-922F-EDE7B3919C29}
		{1E070495-6FAE-408D-A601-BC42D2A3E817} = {8DD2570F-E579-464B-922F-EDE7B3919C29}
		{FC352196-1D24-40DF-B634-AF47F4801148} = {8DD2570F-E579-464B-922F-EDE7B3919C29}
		{08B6A47D-B8D1-48A1-81CC-BFBAF212BED1} = {8DD2570F-E579-464B-922F-EDE7B3919C29}
		{A700E1FA-44B8-47ED-B5B8-08E2FBD1BDBC} = {8DD2570F-E579-464B-922F-EDE7B3919C29}
		{8B4F27C6-2BD4-48BA-A8D4-EC6BD0624483} = {1AF3E187-4C85-48C2-B5B9-90AFB9A160F1}
		{9247C203-EF5B-4E29-A365-C655D14FD3EA} = {1AF3E187-4C85-48C2-B5B9-90AFB9A160F1}
		{ABF320C2-062B-4BBC-911B-8FC43804C219} = {DC013F8D-E894-4D18-BEC6-28DDDC3CC637}
		{5C179E3E-6E03-4BFE-8577-824BA52AB9C5} = {DC013F8D-E894-4D18-BEC6-28DDDC3CC637}
		{F423CEBA-9DB9-4625-8DE0-675064EEDA99} = {DC013F8D-E894-4D18-BEC6-28DDDC3CC637}
		{2B313E1C-6ACD-4EEE-9BE7-970EE6AA9625} = {DC013F8D-E894-4D18-BEC6-28DDDC3CC637}
		{882FB657-FBCF-4496-8452-99A47B1B186B} = {DC013F8D-E894-4D18-BEC6-28DDDC3CC637}
		{89A38F8E-DF04-4A59-B739-A7B680A091D3} = {ABF320C2-062B-4BBC-911B-8FC43804C219}
		{2AB262FF-6985-4CBB-8A6F-655FE7DD3264} = {ABF320C2-062B-4BBC-911B-8FC43804C219}
		{6F064201-AC03-426E-A43A-0D71A42CD0AF} = {1A16368C-3BE1-4AD3-9F77-0038198F6720}
		{0D3D3EAC-5EF3-49E6-AA52-E9D86CF43C3D} = {1A16368C-3BE1-4AD3-9F77-0038198F6720}
		{2F416DAA-ED7E-4F66-9347-BDBC975F53B6} = {1A16368C-3BE1-4AD3-9F77-0038198F6720}
		{1E93C964-90F7-490A-B722-8E41C7440A7E} = {1A16368C-3BE1-4AD3-9F77-0038198F6720}
		{55E7FE77-348C-493E-9A89-6B88CDEBDC04} = {1A16368C-3BE1-4AD3-9F77-0038198F6720}
		{2D5FC191-AD41-4D90-B396-A59EAF85E8A2} = {6F064201-AC03-426E-A43A-0D71A42CD0AF}
		{5849C8AA-C305-4E15-B1B4-A231BCBB9311} = {6F064201-AC03-426E-A43A-0D71A42CD0AF}
		{E30C2922-A037-4A7D-8D76-E68E148A1C9C} = {BADC3E1E-97F5-4115-A995-945E38D27F7B}
		{1C362B1F-D8B4-4EC3-A676-BF47A9CD437A} = {BADC3E1E-97F5-4115-A995-945E38D27F7B}
		{C7631CB4-AF12-4365-8F57-A73749F32E85} = {06CC1D53-D6A3-4E97-9BA1-887F76BA835E}
		{9A49E67E-20C6-41DD-BC54-03836271E8E1} = {06CC1D53-D6A3-4E97-9BA1-887F76BA835E}
		{388F84BE-242E-4BD7-BBF9-5DFD2C439EBD} = {06CC1D53-D6A3-4E97-9BA1-887F76BA835E}
		{B070AC49-0CD3-48F5-8F30-94BB47354D1D} = {C7631CB4-AF12-4365-8F57-A73749F32E85}
		{95977B70-F9C8-4D68-B75E-CF48614DF69C} = {C7631CB4-AF12-4365-8F57-A73749F32E85}
	EndGlobalSection
EndGlobal
